
Microsoft Visual Studio Solution File, Format Version 12.00
# Visual Studio Version 17
VisualStudioVersion = 17.9.34607.119
MinimumVisualStudioVersion = 10.0.40219.1
Project("{FAE04EC0-301F-11D3-BF4B-00C04F79EFBC}") = "DotNETWebApp", "DotNETWebApp.csproj", "{77C7E361-EEDE-4AF9-B626-9555540DFDFF}"
EndProject
Global
	GlobalSection(SolutionConfigurationPlatforms) = preSolution
		Debug|Any CPU = Debug|Any CPU
		Release|Any CPU = Release|Any CPU
	EndGlobalSection
	GlobalSection(ProjectConfigurationPlatforms) = postSolution
		{77C7E361-EEDE-4AF9-B626-9555540DFDFF}.Debug|Any CPU.ActiveCfg = Debug|Any CPU
		{77C7E361-EEDE-4AF9-B626-9555540DFDFF}.Debug|Any CPU.Build.0 = Debug|Any CPU
		{77C7E361-EEDE-4AF9-B626-9555540DFDFF}.Release|Any CPU.ActiveCfg = Release|Any CPU
		{77C7E361-EEDE-4AF9-B626-9555540DFDFF}.Release|Any CPU.Build.0 = Release|Any CPU
	EndGlobalSection
	GlobalSection(SolutionProperties) = preSolution
		HideSolutionNode = FALSE
	EndGlobalSection
	GlobalSection(ExtensibilityGlobals) = postSolution
		SolutionGuid = {7E26484E-0B2F-4E61-BF06-28CB9A9D1826}
	EndGlobalSection
EndGlobal
